
Microsoft Visual Studio Solution File, Format Version 12.00
# Visual Studio 2013
VisualStudioVersion = 12.0.40629.0
MinimumVisualStudioVersion = 10.0.40219.1
Project("{FAE04EC0-301F-11D3-BF4B-00C04F79EFBC}") = "Game", "ConsoleApplication1\Game.csproj", "{FCF6FF10-F737-476F-AFC3-E6F3CB42A800}"
EndProject
Project("{FAE04EC0-301F-11D3-BF4B-00C04F79EFBC}") = "GameTest", "GameTest\GameTest.csproj", "{3EC40493-8DF2-413D-A1EB-A642EDFD566F}"
EndProject
Global
	GlobalSection(SolutionConfigurationPlatforms) = preSolution
		Debug|Any CPU = Debug|Any CPU
		Release|Any CPU = Release|Any CPU
	EndGlobalSection
	GlobalSection(ProjectConfigurationPlatforms) = postSolution
		{FCF6FF10-F737-476F-AFC3-E6F3CB42A800}.Debug|Any CPU.ActiveCfg = Debug|Any CPU
		{FCF6FF10-F737-476F-AFC3-E6F3CB42A800}.Debug|Any CPU.Build.0 = Debug|Any CPU
		{FCF6FF10-F737-476F-AFC3-E6F3CB42A800}.Release|Any CPU.ActiveCfg = Release|Any CPU
		{FCF6FF10-F737-476F-AFC3-E6F3CB42A800}.Release|Any CPU.Build.0 = Release|Any CPU
		{3EC40493-8DF2-413D-A1EB-A642EDFD566F}.Debug|Any CPU.ActiveCfg = Debug|Any CPU
		{3EC40493-8DF2-413D-A1EB-A642EDFD566F}.Debug|Any CPU.Build.0 = Debug|Any CPU
		{3EC40493-8DF2-413D-A1EB-A642EDFD566F}.Release|Any CPU.ActiveCfg = Release|Any CPU
		{3EC40493-8DF2-413D-A1EB-A642EDFD566F}.Release|Any CPU.Build.0 = Release|Any CPU
	EndGlobalSection
	GlobalSection(SolutionProperties) = preSolution
		HideSolutionNode = FALSE
	EndGlobalSection
EndGlobal
